
Microsoft Visual Studio Solution File, Format Version 12.00
# Visual Studio Version 16
VisualStudioVersion = 16.0.30011.22
MinimumVisualStudioVersion = 10.0.40219.1
Project("{FAE04EC0-301F-11D3-BF4B-00C04F79EFBC}") = "Chuong3_Bai6", "Chuong3_Bai6.csproj", "{F6294C15-1D72-46BB-987E-8A3D0C0065C9}"
EndProject
Global
	GlobalSection(SolutionConfigurationPlatforms) = preSolution
		Debug|Any CPU = Debug|Any CPU
		Release|Any CPU = Release|Any CPU
	EndGlobalSection
	GlobalSection(ProjectConfigurationPlatforms) = postSolution
		{F6294C15-1D72-46BB-987E-8A3D0C0065C9}.Debug|Any CPU.ActiveCfg = Debug|Any CPU
		{F6294C15-1D72-46BB-987E-8A3D0C0065C9}.Debug|Any CPU.Build.0 = Debug|Any CPU
		{F6294C15-1D72-46BB-987E-8A3D0C0065C9}.Release|Any CPU.ActiveCfg = Release|Any CPU
		{F6294C15-1D72-46BB-987E-8A3D0C0065C9}.Release|Any CPU.Build.0 = Release|Any CPU
	EndGlobalSection
	GlobalSection(SolutionProperties) = preSolution
		HideSolutionNode = FALSE
	EndGlobalSection
	GlobalSection(ExtensibilityGlobals) = postSolution
		SolutionGuid = {C872B95B-9D42-401A-ACA6-D9D2E1718428}
	EndGlobalSection
EndGlobal
